
Microsoft Visual Studio Solution File, Format Version 12.00
# Visual Studio Version 16
VisualStudioVersion = 16.0.30320.27
MinimumVisualStudioVersion = 10.0.40219.1
Project("{FAE04EC0-301F-11D3-BF4B-00C04F79EFBC}") = "WindowsShortcut", "WindowsShortcut\WindowsShortcut.csproj", "{99924A99-EFD0-4584-AA0D-60CE6C226965}"
EndProject
Global
	GlobalSection(SolutionConfigurationPlatforms) = preSolution
		Debug|Any CPU = Debug|Any CPU
		Release|Any CPU = Release|Any CPU
	EndGlobalSection
	GlobalSection(ProjectConfigurationPlatforms) = postSolution
		{99924A99-EFD0-4584-AA0D-60CE6C226965}.Debug|Any CPU.ActiveCfg = Debug|Any CPU
		{99924A99-EFD0-4584-AA0D-60CE6C226965}.Debug|Any CPU.Build.0 = Debug|Any CPU
		{99924A99-EFD0-4584-AA0D-60CE6C226965}.Release|Any CPU.ActiveCfg = Release|Any CPU
		{99924A99-EFD0-4584-AA0D-60CE6C226965}.Release|Any CPU.Build.0 = Release|Any CPU
	EndGlobalSection
	GlobalSection(SolutionProperties) = preSolution
		HideSolutionNode = FALSE
	EndGlobalSection
	GlobalSection(ExtensibilityGlobals) = postSolution
		SolutionGuid = {22A82FBF-03BB-4C40-9A34-745F2A21911D}
	EndGlobalSection
EndGlobal
